{
  "nodes": {
    "aleph": {
      "inputs": {
        "flake-utils": "flake-utils",
        "jetpack": "jetpack",
        "nixpkgs": "nixpkgs",
        "nixpkgs-unstable": "nixpkgs-unstable",
        "rust-overlay": "rust-overlay"
      },
      "locked": {
        "dir": "aleph",
        "lastModified": 1775057267,
        "narHash": "sha256-Q7pBG4ilpEVuFiPJm+p3mej1ri2F5yq/mNcJ7LNh1TI=",
        "owner": "elodin-sys",
        "repo": "elodin",
        "rev": "b1b8e07dfe930f3367bedcf3ada67633d482e6c0",
        "type": "github"
      },
      "original": {
        "dir": "aleph",
        "owner": "elodin-sys",
        "repo": "elodin",
        "rev": "b1b8e07dfe930f3367bedcf3ada67633d482e6c0",
        "type": "github"
      }
    },
    "ardupilot-src": {
      "flake": false,
      "locked": {
        "lastModified": 1774478784,
        "narHash": "sha256-BGbk0lZ5iIz4x3AOiGAsrXrhvfTT8q/LWfrBtGrwYaY=",
        "ref": "refs/heads/master",
        "rev": "7de88b5f5ab8e9d1d330af9a641f1cd46eba13ee",
        "revCount": 71430,
        "submodules": true,
        "type": "git",
        "url": "https://github.com/ArduPilot/ardupilot"
      },
      "original": {
        "rev": "7de88b5f5ab8e9d1d330af9a641f1cd46eba13ee",
        "submodules": true,
        "type": "git",
        "url": "https://github.com/ArduPilot/ardupilot"
      }
    },
    "cuda-legacy": {
      "inputs": {
        "flake-parts": [
          "aleph",
          "jetpack",
          "cuda-legacy"
        ],
        "nixpkgs": [
          "aleph",
          "jetpack",
          "nixpkgs"
        ]
      },
      "locked": {
        "lastModified": 1762806692,
        "narHash": "sha256-JhgQIwJe0U2vxj+pu+Sgm+VLgNqucpXtZYGKZOgkQdc=",
        "owner": "nixos-cuda",
        "repo": "cuda-legacy",
        "rev": "9856d70acc3e2ae9081930b33d946326e07f1482",
        "type": "github"
      },
      "original": {
        "owner": "nixos-cuda",
        "repo": "cuda-legacy",
        "type": "github"
      }
    },
    "elodin": {
      "inputs": {
        "flake-utils": "flake-utils_2",
        "nixpkgs": "nixpkgs_2",
        "rust-overlay": "rust-overlay_2",
        "systems": "systems_2"
      },
      "locked": {
        "lastModified": 1775057267,
        "narHash": "sha256-Q7pBG4ilpEVuFiPJm+p3mej1ri2F5yq/mNcJ7LNh1TI=",
        "owner": "elodin-sys",
        "repo": "elodin",
        "rev": "b1b8e07dfe930f3367bedcf3ada67633d482e6c0",
        "type": "github"
      },
      "original": {
        "owner": "elodin-sys",
        "repo": "elodin",
        "rev": "b1b8e07dfe930f3367bedcf3ada67633d482e6c0",
        "type": "github"
      }
    },
    "flake-utils": {
      "inputs": {
        "systems": "systems"
      },
      "locked": {
        "lastModified": 1731533236,
        "narHash": "sha256-l0KFg5HjrsfsO/JpG+r7fRrqm12kzFHyUHqHCVpMMbI=",
        "owner": "numtide",
        "repo": "flake-utils",
        "rev": "11707dc2f618dd54ca8739b309ec4fc024de578b",
        "type": "github"
      },
      "original": {
        "owner": "numtide",
        "repo": "flake-utils",
        "type": "github"
      }
    },
    "flake-utils_2": {
      "inputs": {
        "systems": [
          "elodin",
          "systems"
        ]
      },
      "locked": {
        "lastModified": 1731533236,
        "narHash": "sha256-l0KFg5HjrsfsO/JpG+r7fRrqm12kzFHyUHqHCVpMMbI=",
        "owner": "numtide",
        "repo": "flake-utils",
        "rev": "11707dc2f618dd54ca8739b309ec4fc024de578b",
        "type": "github"
      },
      "original": {
        "owner": "numtide",
        "repo": "flake-utils",
        "type": "github"
      }
    },
    "jetpack": {
      "inputs": {
        "cuda-legacy": "cuda-legacy",
        "nixpkgs": [
          "aleph",
          "nixpkgs"
        ]
      },
      "locked": {
        "lastModified": 1768685536,
        "narHash": "sha256-94sYZ9jRsrBu24ia4pXEyudpQHCjKyy+4cN98bRrRjo=",
        "owner": "anduril",
        "repo": "jetpack-nixos",
        "rev": "2c98c9d6c326d67ae5f4909db61238d31352e18c",
        "type": "github"
      },
      "original": {
        "owner": "anduril",
        "repo": "jetpack-nixos",
        "rev": "2c98c9d6c326d67ae5f4909db61238d31352e18c",
        "type": "github"
      }
    },
    "nixpkgs": {
      "locked": {
        "lastModified": 1773964973,
        "narHash": "sha256-NV/J+tTER0P5iJhUDL/8HO5MDjDceLQPRUYgdmy5wXw=",
        "owner": "NixOS",
        "repo": "nixpkgs",
        "rev": "812b3986fd1568f7a858f97fcf425ad996ba7d25",
        "type": "github"
      },
      "original": {
        "owner": "NixOS",
        "ref": "nixos-25.11",
        "repo": "nixpkgs",
        "type": "github"
      }
    },
    "nixpkgs-unstable": {
      "locked": {
        "lastModified": 1773821835,
        "narHash": "sha256-TJ3lSQtW0E2JrznGVm8hOQGVpXjJyXY2guAxku2O9A4=",
        "owner": "nixos",
        "repo": "nixpkgs",
        "rev": "b40629efe5d6ec48dd1efba650c797ddbd39ace0",
        "type": "github"
      },
      "original": {
        "owner": "nixos",
        "ref": "nixos-unstable",
        "repo": "nixpkgs",
        "type": "github"
      }
    },
    "nixpkgs_2": {
      "locked": {
        "lastModified": 1772598333,
        "narHash": "sha256-YaHht/C35INEX3DeJQNWjNaTcPjYmBwwjFJ2jdtr+5U=",
        "owner": "NixOS",
        "repo": "nixpkgs",
        "rev": "fabb8c9deee281e50b1065002c9828f2cf7b2239",
        "type": "github"
      },
      "original": {
        "owner": "NixOS",
        "ref": "nixos-25.11",
        "repo": "nixpkgs",
        "type": "github"
      }
    },
    "root": {
      "inputs": {
        "aleph": "aleph",
        "ardupilot-src": "ardupilot-src",
        "elodin": "elodin",
        "flake-utils": [
          "aleph",
          "flake-utils"
        ],
        "nixpkgs": [
          "aleph",
          "nixpkgs"
        ]
      }
    },
    "rust-overlay": {
      "inputs": {
        "nixpkgs": [
          "aleph",
          "nixpkgs"
        ]
      },
      "locked": {
        "lastModified": 1774149071,
        "narHash": "sha256-SYp8NyzwfCO3Guqmu9hPRHR1hwESlQia5nNz3lYo2qA=",
        "owner": "oxalica",
        "repo": "rust-overlay",
        "rev": "6a031966eab3bfaa19be9e261eed5b8a79c04b18",
        "type": "github"
      },
      "original": {
        "owner": "oxalica",
        "repo": "rust-overlay",
        "type": "github"
      }
    },
    "rust-overlay_2": {
      "inputs": {
        "nixpkgs": [
          "elodin",
          "nixpkgs"
        ]
      },
      "locked": {
        "lastModified": 1772593411,
        "narHash": "sha256-47WOnCSyOL6AghZiMIJaTLWM359DHe3be9R1cNCdGUE=",
        "owner": "oxalica",
        "repo": "rust-overlay",
        "rev": "a741b36b77440f5db15fcf2ab6d7d592d2f9ee8f",
        "type": "github"
      },
      "original": {
        "owner": "oxalica",
        "repo": "rust-overlay",
        "type": "github"
      }
    },
    "systems": {
      "locked": {
        "lastModified": 1681028828,
        "narHash": "sha256-Vy1rq5AaRuLzOxct8nz4T6wlgyUR7zLU309k9mBC768=",
        "owner": "nix-systems",
        "repo": "default",
        "rev": "da67096a3b9bf56a91d16901293e51ba5b49a27e",
        "type": "github"
      },
      "original": {
        "owner": "nix-systems",
        "repo": "default",
        "type": "github"
      }
    },
    "systems_2": {
      "locked": {
        "lastModified": 1681028828,
        "narHash": "sha256-Vy1rq5AaRuLzOxct8nz4T6wlgyUR7zLU309k9mBC768=",
        "owner": "nix-systems",
        "repo": "default",
        "rev": "da67096a3b9bf56a91d16901293e51ba5b49a27e",
        "type": "github"
      },
      "original": {
        "owner": "nix-systems",
        "repo": "default",
        "type": "github"
      }
    }
  },
  "root": "root",
  "version": 7
}
